
Microsoft Visual Studio Solution File, Format Version 12.00
# Visual Studio 2017
Project("{FAE04EC0-301F-11D3-BF4B-00C04F79EFBC}") = "2DGridWorldUnity", "2DGridWorldUnity.csproj", "{28979E91-EB59-0A23-D9F5-40426593D91C}"
EndProject
Global
	GlobalSection(SolutionConfigurationPlatforms) = preSolution
		Debug|Any CPU = Debug|Any CPU
		Release|Any CPU = Release|Any CPU
	EndGlobalSection
	GlobalSection(ProjectConfigurationPlatforms) = postSolution
		{28979E91-EB59-0A23-D9F5-40426593D91C}.Debug|Any CPU.ActiveCfg = Debug|Any CPU
		{28979E91-EB59-0A23-D9F5-40426593D91C}.Debug|Any CPU.Build.0 = Debug|Any CPU
		{28979E91-EB59-0A23-D9F5-40426593D91C}.Release|Any CPU.ActiveCfg = Release|Any CPU
		{28979E91-EB59-0A23-D9F5-40426593D91C}.Release|Any CPU.Build.0 = Release|Any CPU
	EndGlobalSection
	GlobalSection(SolutionProperties) = preSolution
		HideSolutionNode = FALSE
	EndGlobalSection
EndGlobal
