
Microsoft Visual Studio Solution File, Format Version 12.00
# Visual Studio 2017
Project("{FAE04EC0-301F-11D3-BF4B-00C04F79EFBC}") = "My2DWold", "My2DWold.csproj", "{FD175CD9-97CC-BBCD-4143-93C80D97E2FC}"
EndProject
Global
	GlobalSection(SolutionConfigurationPlatforms) = preSolution
		Debug|Any CPU = Debug|Any CPU
		Release|Any CPU = Release|Any CPU
	EndGlobalSection
	GlobalSection(ProjectConfigurationPlatforms) = postSolution
		{FD175CD9-97CC-BBCD-4143-93C80D97E2FC}.Debug|Any CPU.ActiveCfg = Debug|Any CPU
		{FD175CD9-97CC-BBCD-4143-93C80D97E2FC}.Debug|Any CPU.Build.0 = Debug|Any CPU
		{FD175CD9-97CC-BBCD-4143-93C80D97E2FC}.Release|Any CPU.ActiveCfg = Release|Any CPU
		{FD175CD9-97CC-BBCD-4143-93C80D97E2FC}.Release|Any CPU.Build.0 = Release|Any CPU
	EndGlobalSection
	GlobalSection(SolutionProperties) = preSolution
		HideSolutionNode = FALSE
	EndGlobalSection
EndGlobal
